
Microsoft Visual Studio Solution File, Format Version 12.00
# Visual Studio Version 17
VisualStudioVersion = 17.5.33414.496
MinimumVisualStudioVersion = 10.0.40219.1
Project("{FAE04EC0-301F-11D3-BF4B-00C04F79EFBC}") = "TP_MOD3_1302213045", "TP_MOD3_1302213045\TP_MOD3_1302213045.csproj", "{DBB9408F-0095-49BA-858B-FCE757E31396}"
EndProject
Global
	GlobalSection(SolutionConfigurationPlatforms) = preSolution
		Debug|Any CPU = Debug|Any CPU
		Release|Any CPU = Release|Any CPU
	EndGlobalSection
	GlobalSection(ProjectConfigurationPlatforms) = postSolution
		{DBB9408F-0095-49BA-858B-FCE757E31396}.Debug|Any CPU.ActiveCfg = Debug|Any CPU
		{DBB9408F-0095-49BA-858B-FCE757E31396}.Debug|Any CPU.Build.0 = Debug|Any CPU
		{DBB9408F-0095-49BA-858B-FCE757E31396}.Release|Any CPU.ActiveCfg = Release|Any CPU
		{DBB9408F-0095-49BA-858B-FCE757E31396}.Release|Any CPU.Build.0 = Release|Any CPU
	EndGlobalSection
	GlobalSection(SolutionProperties) = preSolution
		HideSolutionNode = FALSE
	EndGlobalSection
	GlobalSection(ExtensibilityGlobals) = postSolution
		SolutionGuid = {68FA0D74-C26F-474B-9D43-7EE8BC99619F}
	EndGlobalSection
EndGlobal
